
Microsoft Visual Studio Solution File, Format Version 12.00
# Visual Studio Version 17
VisualStudioVersion = 17.4.33110.190
MinimumVisualStudioVersion = 10.0.40219.1
Project("{9A19103F-16F7-4668-BE54-9A1E7A4F7556}") = "HypnoBox-Article", "HypnoBox-Article2\HypnoBox-Article.csproj", "{2A8C547F-49C4-4FDA-9DF2-52CC947A8B4B}"
EndProject
Global
	GlobalSection(SolutionConfigurationPlatforms) = preSolution
		Debug|Any CPU = Debug|Any CPU
		Release|Any CPU = Release|Any CPU
	EndGlobalSection
	GlobalSection(ProjectConfigurationPlatforms) = postSolution
		{2A8C547F-49C4-4FDA-9DF2-52CC947A8B4B}.Debug|Any CPU.ActiveCfg = Debug|Any CPU
		{2A8C547F-49C4-4FDA-9DF2-52CC947A8B4B}.Debug|Any CPU.Build.0 = Debug|Any CPU
		{2A8C547F-49C4-4FDA-9DF2-52CC947A8B4B}.Release|Any CPU.ActiveCfg = Release|Any CPU
		{2A8C547F-49C4-4FDA-9DF2-52CC947A8B4B}.Release|Any CPU.Build.0 = Release|Any CPU
	EndGlobalSection
	GlobalSection(SolutionProperties) = preSolution
		HideSolutionNode = FALSE
	EndGlobalSection
	GlobalSection(ExtensibilityGlobals) = postSolution
		SolutionGuid = {2FBC411B-BAFA-4DD7-9015-7233DA297510}
	EndGlobalSection
EndGlobal
